
Microsoft Visual Studio Solution File, Format Version 12.00
# Visual Studio Version 16
VisualStudioVersion = 16.0.31112.23
MinimumVisualStudioVersion = 10.0.40219.1
Project("{9A19103F-16F7-4668-BE54-9A1E7A4F7556}") = "CS06_EF", "CS06_EF\CS06_EF.csproj", "{FD09E432-6BA7-4C91-835C-26340EFB7E84}"
EndProject
Global
	GlobalSection(SolutionConfigurationPlatforms) = preSolution
		Debug|Any CPU = Debug|Any CPU
		Release|Any CPU = Release|Any CPU
	EndGlobalSection
	GlobalSection(ProjectConfigurationPlatforms) = postSolution
		{FD09E432-6BA7-4C91-835C-26340EFB7E84}.Debug|Any CPU.ActiveCfg = Debug|Any CPU
		{FD09E432-6BA7-4C91-835C-26340EFB7E84}.Debug|Any CPU.Build.0 = Debug|Any CPU
		{FD09E432-6BA7-4C91-835C-26340EFB7E84}.Release|Any CPU.ActiveCfg = Release|Any CPU
		{FD09E432-6BA7-4C91-835C-26340EFB7E84}.Release|Any CPU.Build.0 = Release|Any CPU
	EndGlobalSection
	GlobalSection(SolutionProperties) = preSolution
		HideSolutionNode = FALSE
	EndGlobalSection
	GlobalSection(ExtensibilityGlobals) = postSolution
		SolutionGuid = {C93E9D93-3408-406D-9B6B-C506C61D1FA0}
	EndGlobalSection
EndGlobal
